
Microsoft Visual Studio Solution File, Format Version 12.00
# Visual Studio Version 17
VisualStudioVersion = 17.2.32630.192
MinimumVisualStudioVersion = 10.0.40219.1
Project("{FAE04EC0-301F-11D3-BF4B-00C04F79EFBC}") = "Lab5net6", "Lab5net6\Lab5net6.csproj", "{0B255C3E-7AC6-4A38-B07A-7DFEE85B40A3}"
EndProject
Global
	GlobalSection(SolutionConfigurationPlatforms) = preSolution
		Debug|Any CPU = Debug|Any CPU
		Release|Any CPU = Release|Any CPU
	EndGlobalSection
	GlobalSection(ProjectConfigurationPlatforms) = postSolution
		{0B255C3E-7AC6-4A38-B07A-7DFEE85B40A3}.Debug|Any CPU.ActiveCfg = Debug|Any CPU
		{0B255C3E-7AC6-4A38-B07A-7DFEE85B40A3}.Debug|Any CPU.Build.0 = Debug|Any CPU
		{0B255C3E-7AC6-4A38-B07A-7DFEE85B40A3}.Release|Any CPU.ActiveCfg = Release|Any CPU
		{0B255C3E-7AC6-4A38-B07A-7DFEE85B40A3}.Release|Any CPU.Build.0 = Release|Any CPU
	EndGlobalSection
	GlobalSection(SolutionProperties) = preSolution
		HideSolutionNode = FALSE
	EndGlobalSection
	GlobalSection(ExtensibilityGlobals) = postSolution
		SolutionGuid = {2AD387E1-427C-47FB-A875-86C155AB4886}
	EndGlobalSection
EndGlobal
